{
  "requires": true,
  "lockfileVersion": 1,
  "dependencies": {
    "tablefilter": {
      "version": "0.7.3",
      "resolved": "https://registry.npmjs.org/tablefilter/-/tablefilter-0.7.3.tgz",
      "integrity": "sha512-Phi6qcz7SxuD9kO6rt0UlqSgg7jtIHdjar190bgbL7FBz7hxFvLsVDJejS/49QKp29GIcaOl2jDQtrz220kFsA==",
      "dev": true
    }
  }
}
